
Microsoft Visual Studio Solution File, Format Version 12.00
# Visual Studio Version 17
VisualStudioVersion = 17.2.32602.215
MinimumVisualStudioVersion = 10.0.40219.1
Project("{9A19103F-16F7-4668-BE54-9A1E7A4F7556}") = "Sparky", "Sparky\Sparky.csproj", "{33C0E54F-DCFC-4D12-B7C0-470059C1F685}"
EndProject
Project("{9A19103F-16F7-4668-BE54-9A1E7A4F7556}") = "SparkyMSTest", "SparkyMSTest\SparkyMSTest.csproj", "{FEBDF27D-7374-415B-8B7F-85F4433191F6}"
EndProject
Project("{9A19103F-16F7-4668-BE54-9A1E7A4F7556}") = "SparkyNUnitTest", "SparkyNUnitTest\SparkyNUnitTest.csproj", "{18D7BFD4-77B5-43A8-8E25-71FF0A8DC0CA}"
EndProject
Project("{9A19103F-16F7-4668-BE54-9A1E7A4F7556}") = "SparkyXUnit", "SparkyXUnit\SparkyXUnit.csproj", "{AA221036-2F23-4361-A02B-BF33C94E8516}"
EndProject
Project("{2150E333-8FDC-42A3-9474-1A3956D46DE8}") = "Basic Foundation", "Basic Foundation", "{18FCBD87-27ED-48D8-A019-267B5B358AE4}"
EndProject
Project("{2150E333-8FDC-42A3-9474-1A3956D46DE8}") = "BongoWeb", "BongoWeb", "{27633FD1-3B0E-4E78-9EFC-D17D14F96D8D}"
EndProject
Project("{9A19103F-16F7-4668-BE54-9A1E7A4F7556}") = "Bongo.Core", "Bongo.Core\Bongo.Core.csproj", "{4D1025DD-F2B5-4894-899F-114CD4E83B1D}"
EndProject
Project("{9A19103F-16F7-4668-BE54-9A1E7A4F7556}") = "Bongo.DataAccess", "Bongo.DataAccess\Bongo.DataAccess.csproj", "{9D16E75E-7A38-4C19-BCA8-1B4DF7457FD8}"
EndProject
Project("{9A19103F-16F7-4668-BE54-9A1E7A4F7556}") = "Bongo.Models", "Bongo.Models\Bongo.Models.csproj", "{266FF9F5-7FA3-456A-98D1-8CABB2E1F39D}"
EndProject
Project("{9A19103F-16F7-4668-BE54-9A1E7A4F7556}") = "Bongo.Web", "Bongo.Web\Bongo.Web.csproj", "{A7724403-A46F-4806-AE31-93743ABF4054}"
EndProject
Global
	GlobalSection(SolutionConfigurationPlatforms) = preSolution
		Debug|Any CPU = Debug|Any CPU
		Release|Any CPU = Release|Any CPU
	EndGlobalSection
	GlobalSection(ProjectConfigurationPlatforms) = postSolution
		{33C0E54F-DCFC-4D12-B7C0-470059C1F685}.Debug|Any CPU.ActiveCfg = Debug|Any CPU
		{33C0E54F-DCFC-4D12-B7C0-470059C1F685}.Debug|Any CPU.Build.0 = Debug|Any CPU
		{33C0E54F-DCFC-4D12-B7C0-470059C1F685}.Release|Any CPU.ActiveCfg = Release|Any CPU
		{33C0E54F-DCFC-4D12-B7C0-470059C1F685}.Release|Any CPU.Build.0 = Release|Any CPU
		{FEBDF27D-7374-415B-8B7F-85F4433191F6}.Debug|Any CPU.ActiveCfg = Debug|Any CPU
		{FEBDF27D-7374-415B-8B7F-85F4433191F6}.Debug|Any CPU.Build.0 = Debug|Any CPU
		{FEBDF27D-7374-415B-8B7F-85F4433191F6}.Release|Any CPU.ActiveCfg = Release|Any CPU
		{FEBDF27D-7374-415B-8B7F-85F4433191F6}.Release|Any CPU.Build.0 = Release|Any CPU
		{18D7BFD4-77B5-43A8-8E25-71FF0A8DC0CA}.Debug|Any CPU.ActiveCfg = Debug|Any CPU
		{18D7BFD4-77B5-43A8-8E25-71FF0A8DC0CA}.Debug|Any CPU.Build.0 = Debug|Any CPU
		{18D7BFD4-77B5-43A8-8E25-71FF0A8DC0CA}.Release|Any CPU.ActiveCfg = Release|Any CPU
		{18D7BFD4-77B5-43A8-8E25-71FF0A8DC0CA}.Release|Any CPU.Build.0 = Release|Any CPU
		{AA221036-2F23-4361-A02B-BF33C94E8516}.Debug|Any CPU.ActiveCfg = Debug|Any CPU
		{AA221036-2F23-4361-A02B-BF33C94E8516}.Debug|Any CPU.Build.0 = Debug|Any CPU
		{AA221036-2F23-4361-A02B-BF33C94E8516}.Release|Any CPU.ActiveCfg = Release|Any CPU
		{AA221036-2F23-4361-A02B-BF33C94E8516}.Release|Any CPU.Build.0 = Release|Any CPU
		{4D1025DD-F2B5-4894-899F-114CD4E83B1D}.Debug|Any CPU.ActiveCfg = Debug|Any CPU
		{4D1025DD-F2B5-4894-899F-114CD4E83B1D}.Debug|Any CPU.Build.0 = Debug|Any CPU
		{4D1025DD-F2B5-4894-899F-114CD4E83B1D}.Release|Any CPU.ActiveCfg = Release|Any CPU
		{4D1025DD-F2B5-4894-899F-114CD4E83B1D}.Release|Any CPU.Build.0 = Release|Any CPU
		{9D16E75E-7A38-4C19-BCA8-1B4DF7457FD8}.Debug|Any CPU.ActiveCfg = Debug|Any CPU
		{9D16E75E-7A38-4C19-BCA8-1B4DF7457FD8}.Debug|Any CPU.Build.0 = Debug|Any CPU
		{9D16E75E-7A38-4C19-BCA8-1B4DF7457FD8}.Release|Any CPU.ActiveCfg = Release|Any CPU
		{9D16E75E-7A38-4C19-BCA8-1B4DF7457FD8}.Release|Any CPU.Build.0 = Release|Any CPU
		{266FF9F5-7FA3-456A-98D1-8CABB2E1F39D}.Debug|Any CPU.ActiveCfg = Debug|Any CPU
		{266FF9F5-7FA3-456A-98D1-8CABB2E1F39D}.Debug|Any CPU.Build.0 = Debug|Any CPU
		{266FF9F5-7FA3-456A-98D1-8CABB2E1F39D}.Release|Any CPU.ActiveCfg = Release|Any CPU
		{266FF9F5-7FA3-456A-98D1-8CABB2E1F39D}.Release|Any CPU.Build.0 = Release|Any CPU
		{A7724403-A46F-4806-AE31-93743ABF4054}.Debug|Any CPU.ActiveCfg = Debug|Any CPU
		{A7724403-A46F-4806-AE31-93743ABF4054}.Debug|Any CPU.Build.0 = Debug|Any CPU
		{A7724403-A46F-4806-AE31-93743ABF4054}.Release|Any CPU.ActiveCfg = Release|Any CPU
		{A7724403-A46F-4806-AE31-93743ABF4054}.Release|Any CPU.Build.0 = Release|Any CPU
	EndGlobalSection
	GlobalSection(SolutionProperties) = preSolution
		HideSolutionNode = FALSE
	EndGlobalSection
	GlobalSection(NestedProjects) = preSolution
		{33C0E54F-DCFC-4D12-B7C0-470059C1F685} = {18FCBD87-27ED-48D8-A019-267B5B358AE4}
		{FEBDF27D-7374-415B-8B7F-85F4433191F6} = {18FCBD87-27ED-48D8-A019-267B5B358AE4}
		{18D7BFD4-77B5-43A8-8E25-71FF0A8DC0CA} = {18FCBD87-27ED-48D8-A019-267B5B358AE4}
		{AA221036-2F23-4361-A02B-BF33C94E8516} = {18FCBD87-27ED-48D8-A019-267B5B358AE4}
		{4D1025DD-F2B5-4894-899F-114CD4E83B1D} = {27633FD1-3B0E-4E78-9EFC-D17D14F96D8D}
		{9D16E75E-7A38-4C19-BCA8-1B4DF7457FD8} = {27633FD1-3B0E-4E78-9EFC-D17D14F96D8D}
		{266FF9F5-7FA3-456A-98D1-8CABB2E1F39D} = {27633FD1-3B0E-4E78-9EFC-D17D14F96D8D}
		{A7724403-A46F-4806-AE31-93743ABF4054} = {27633FD1-3B0E-4E78-9EFC-D17D14F96D8D}
	EndGlobalSection
	GlobalSection(ExtensibilityGlobals) = postSolution
		SolutionGuid = {CE28B508-CEBC-4C56-A8C1-9D9925BC029E}
	EndGlobalSection
EndGlobal
